
Microsoft Visual Studio Solution File, Format Version 12.00
# Visual Studio Version 17
VisualStudioVersion = 17.6.33815.320
MinimumVisualStudioVersion = 10.0.40219.1
Project("{2150E333-8FDC-42A3-9474-1A3956D46DE8}") = "AILogic", "AILogic", "{33ECB82D-BDDE-4DF8-B863-3F7B0BE412C0}"
EndProject
Project("{2150E333-8FDC-42A3-9474-1A3956D46DE8}") = "TestingUI", "TestingUI", "{64C5E0DB-FB08-4D02-A5FD-9E726F2CFB90}"
EndProject
Project("{2150E333-8FDC-42A3-9474-1A3956D46DE8}") = "GameLogic", "GameLogic", "{6DABB8E3-8DBC-4C14-9BD4-0DDA631B278D}"
EndProject
Project("{2150E333-8FDC-42A3-9474-1A3956D46DE8}") = "GameRules", "GameRules", "{B4F94180-80FA-4B23-9429-70509B646EDA}"
EndProject
Project("{9A19103F-16F7-4668-BE54-9A1E7A4F7556}") = "GameRules", "GameRules\GameRules.csproj", "{4D616AC5-68FC-49B4-AC92-6984A8BC778D}"
EndProject
Project("{9A19103F-16F7-4668-BE54-9A1E7A4F7556}") = "AILogic", "AILogic\AILogic.csproj", "{56FCC998-E889-4023-891A-84F11DF1D09F}"
EndProject
Project("{9A19103F-16F7-4668-BE54-9A1E7A4F7556}") = "GameLogic", "GameLogic\GameLogic.csproj", "{63DAFE79-7190-4B3D-9619-1BC1826FB043}"
EndProject
Project("{2150E333-8FDC-42A3-9474-1A3956D46DE8}") = "Tests", "Tests", "{BDD393E5-2288-4588-ABE6-CD895C570E32}"
EndProject
Project("{FAE04EC0-301F-11D3-BF4B-00C04F79EFBC}") = "Tests", "Tests\Tests.csproj", "{024C1E7C-1FD4-4099-8CFC-580065E36C45}"
EndProject
Global
	GlobalSection(SolutionConfigurationPlatforms) = preSolution
		Debug|Any CPU = Debug|Any CPU
		Release|Any CPU = Release|Any CPU
	EndGlobalSection
	GlobalSection(ProjectConfigurationPlatforms) = postSolution
		{4D616AC5-68FC-49B4-AC92-6984A8BC778D}.Debug|Any CPU.ActiveCfg = Debug|Any CPU
		{4D616AC5-68FC-49B4-AC92-6984A8BC778D}.Debug|Any CPU.Build.0 = Debug|Any CPU
		{4D616AC5-68FC-49B4-AC92-6984A8BC778D}.Release|Any CPU.ActiveCfg = Release|Any CPU
		{4D616AC5-68FC-49B4-AC92-6984A8BC778D}.Release|Any CPU.Build.0 = Release|Any CPU
		{56FCC998-E889-4023-891A-84F11DF1D09F}.Debug|Any CPU.ActiveCfg = Debug|Any CPU
		{56FCC998-E889-4023-891A-84F11DF1D09F}.Debug|Any CPU.Build.0 = Debug|Any CPU
		{56FCC998-E889-4023-891A-84F11DF1D09F}.Release|Any CPU.ActiveCfg = Release|Any CPU
		{56FCC998-E889-4023-891A-84F11DF1D09F}.Release|Any CPU.Build.0 = Release|Any CPU
		{63DAFE79-7190-4B3D-9619-1BC1826FB043}.Debug|Any CPU.ActiveCfg = Debug|Any CPU
		{63DAFE79-7190-4B3D-9619-1BC1826FB043}.Debug|Any CPU.Build.0 = Debug|Any CPU
		{63DAFE79-7190-4B3D-9619-1BC1826FB043}.Release|Any CPU.ActiveCfg = Release|Any CPU
		{63DAFE79-7190-4B3D-9619-1BC1826FB043}.Release|Any CPU.Build.0 = Release|Any CPU
		{024C1E7C-1FD4-4099-8CFC-580065E36C45}.Debug|Any CPU.ActiveCfg = Debug|Any CPU
		{024C1E7C-1FD4-4099-8CFC-580065E36C45}.Debug|Any CPU.Build.0 = Debug|Any CPU
		{024C1E7C-1FD4-4099-8CFC-580065E36C45}.Release|Any CPU.ActiveCfg = Release|Any CPU
		{024C1E7C-1FD4-4099-8CFC-580065E36C45}.Release|Any CPU.Build.0 = Release|Any CPU
	EndGlobalSection
	GlobalSection(SolutionProperties) = preSolution
		HideSolutionNode = FALSE
	EndGlobalSection
	GlobalSection(NestedProjects) = preSolution
		{4D616AC5-68FC-49B4-AC92-6984A8BC778D} = {B4F94180-80FA-4B23-9429-70509B646EDA}
		{56FCC998-E889-4023-891A-84F11DF1D09F} = {33ECB82D-BDDE-4DF8-B863-3F7B0BE412C0}
		{63DAFE79-7190-4B3D-9619-1BC1826FB043} = {6DABB8E3-8DBC-4C14-9BD4-0DDA631B278D}
		{024C1E7C-1FD4-4099-8CFC-580065E36C45} = {BDD393E5-2288-4588-ABE6-CD895C570E32}
	EndGlobalSection
	GlobalSection(ExtensibilityGlobals) = postSolution
		SolutionGuid = {C5D03FD8-B3B3-4FB1-88C4-2D81473C8193}
	EndGlobalSection
EndGlobal
